PODS:
  - Alamofire (4.2.0)
  - CMPopTipView (2.3.0)
  - SwiftyJSON (3.1.3)

DEPENDENCIES:
  - Alamofire
  - CMPopTipView
  - SwiftyJSON

SPEC CHECKSUMS:
  Alamofire: aa2e09d871c9160ac53c90e83c68064a94e3dfbe
  CMPopTipView: 774e0230b5c73abb3c39051da6d8a383373c4f7f
  SwiftyJSON: 38a8ea2006779c0fc4c310cb2ee8195327740faf

PODFILE CHECKSUM: 8ad94d0ca7588557c5aa1410967ecade65593b00

COCOAPODS: 1.1.1
