// !$*UTF8*$!
{
	archiveVersion = 1;
	classes = {
	};
	objectVersion = 46;
	objects = {

/* Begin PBXBuildFile section */
		1DC480F92C01C6EAA251FD52 /* Pods_CookWhatUITests.framework in Frameworks */ = {isa = PBXBuildFile; fileRef = A7241C51CB698DCC415E4C0F /* Pods_CookWhatUITests.framework */; };
		A412E6A31E2BB08200B1646F /* ResultsViewController.swift in Sources */ = {isa = PBXBuildFile; fileRef = A412E6A21E2BB08200B1646F /* ResultsViewController.swift */; };
		A412E6A51E2BB5AD00B1646F /* ResultsViewController.storyboard in Resources */ = {isa = PBXBuildFile; fileRef = A412E6A41E2BB5AD00B1646F /* ResultsViewController.storyboard */; };
		A412E6A91E2BB67900B1646F /* RecipeAPIClient.swift in Sources */ = {isa = PBXBuildFile; fileRef = A412E6A81E2BB67900B1646F /* RecipeAPIClient.swift */; };
		A412E6AF1E2BC04E00B1646F /* ResultsTableViewCell.swift in Sources */ = {isa = PBXBuildFile; fileRef = A412E6AD1E2BC04E00B1646F /* ResultsTableViewCell.swift */; };
		A412E6B01E2BC04E00B1646F /* ResultsTableViewCell.xib in Resources */ = {isa = PBXBuildFile; fileRef = A412E6AE1E2BC04E00B1646F /* ResultsTableViewCell.xib */; };
		A412E6B21E2BC2A800B1646F /* ResultsViewModel.swift in Sources */ = {isa = PBXBuildFile; fileRef = A412E6B11E2BC2A800B1646F /* ResultsViewModel.swift */; };
		A412E6B41E2BC3C600B1646F /* Recipe.swift in Sources */ = {isa = PBXBuildFile; fileRef = A412E6B31E2BC3C600B1646F /* Recipe.swift */; };
		A412E6B61E2BC4BC00B1646F /* RecipeHolder.swift in Sources */ = {isa = PBXBuildFile; fileRef = A412E6B51E2BC4BC00B1646F /* RecipeHolder.swift */; };
		A46AE2FC1E2BD018001A2CB1 /* Style.swift in Sources */ = {isa = PBXBuildFile; fileRef = A46AE2FB1E2BD018001A2CB1 /* Style.swift */; };
		A46AE2FE1E2BD326001A2CB1 /* WebViewController.swift in Sources */ = {isa = PBXBuildFile; fileRef = A46AE2FD1E2BD326001A2CB1 /* WebViewController.swift */; };
		A46AE3061E2BE034001A2CB1 /* cooking1.jpg in Resources */ = {isa = PBXBuildFile; fileRef = A46AE3001E2BE034001A2CB1 /* cooking1.jpg */; };
		A46AE3071E2BE034001A2CB1 /* cooking2.jpg in Resources */ = {isa = PBXBuildFile; fileRef = A46AE3011E2BE034001A2CB1 /* cooking2.jpg */; };
		A46AE3081E2BE034001A2CB1 /* cooking3.jpg in Resources */ = {isa = PBXBuildFile; fileRef = A46AE3021E2BE034001A2CB1 /* cooking3.jpg */; };
		A46AE3091E2BE034001A2CB1 /* cooking4.jpg in Resources */ = {isa = PBXBuildFile; fileRef = A46AE3031E2BE034001A2CB1 /* cooking4.jpg */; };
		A46AE30A1E2BE034001A2CB1 /* cooking5.jpg in Resources */ = {isa = PBXBuildFile; fileRef = A46AE3041E2BE034001A2CB1 /* cooking5.jpg */; };
		A46AE30B1E2BE034001A2CB1 /* cooking6.jpg in Resources */ = {isa = PBXBuildFile; fileRef = A46AE3051E2BE034001A2CB1 /* cooking6.jpg */; };
		A46AE30D1E2BE28E001A2CB1 /* TopView.swift in Sources */ = {isa = PBXBuildFile; fileRef = A46AE30C1E2BE28E001A2CB1 /* TopView.swift */; };
		A4B67D881E2A0C9F007310D5 /* AppDelegate.swift in Sources */ = {isa = PBXBuildFile; fileRef = A4B67D871E2A0C9F007310D5 /* AppDelegate.swift */; };
		A4B67D8D1E2A0C9F007310D5 /* Main.storyboard in Resources */ = {isa = PBXBuildFile; fileRef = A4B67D8B1E2A0C9F007310D5 /* Main.storyboard */; };
		A4B67D8F1E2A0C9F007310D5 /* Assets.xcassets in Resources */ = {isa = PBXBuildFile; fileRef = A4B67D8E1E2A0C9F007310D5 /* Assets.xcassets */; };
		A4B67D921E2A0C9F007310D5 /* LaunchScreen.storyboard in Resources */ = {isa = PBXBuildFile; fileRef = A4B67D901E2A0C9F007310D5 /* LaunchScreen.storyboard */; };
		A4B67D9D1E2A0CA0007310D5 /* CookWhatTests.swift in Sources */ = {isa = PBXBuildFile; fileRef = A4B67D9C1E2A0CA0007310D5 /* CookWhatTests.swift */; };
		A4B67DA81E2A0CA0007310D5 /* CookWhatUITests.swift in Sources */ = {isa = PBXBuildFile; fileRef = A4B67DA71E2A0CA0007310D5 /* CookWhatUITests.swift */; };
		A4B67DB71E2ABE81007310D5 /* TopViewController.swift in Sources */ = {isa = PBXBuildFile; fileRef = A4B67DB61E2ABE81007310D5 /* TopViewController.swift */; };
		A4B67DBA1E2B361C007310D5 /* CameraViewController.storyboard in Resources */ = {isa = PBXBuildFile; fileRef = A4B67DB91E2B361C007310D5 /* CameraViewController.storyboard */; };
		A4B67DBF1E2B367A007310D5 /* CameraViewController.swift in Sources */ = {isa = PBXBuildFile; fileRef = A4B67DBE1E2B367A007310D5 /* CameraViewController.swift */; };
		A4B67DC21E2B69A0007310D5 /* CameraView.swift in Sources */ = {isa = PBXBuildFile; fileRef = A4B67DC11E2B69A0007310D5 /* CameraView.swift */; };
		A4D1F93F1E2E141200A2F742 /* FoodRecognitionApiClient.swift in Sources */ = {isa = PBXBuildFile; fileRef = A4D1F93E1E2E141200A2F742 /* FoodRecognitionApiClient.swift */; };
		A4D1F9411E2FA61900A2F742 /* FoodStuffHolder.swift in Sources */ = {isa = PBXBuildFile; fileRef = A4D1F9401E2FA61900A2F742 /* FoodStuffHolder.swift */; };
		A4F82C001E2C69C4002907AE /* ResultsTableHeaderView.xib in Resources */ = {isa = PBXBuildFile; fileRef = A4F82BFF1E2C69C4002907AE /* ResultsTableHeaderView.xib */; };
		A4F82C021E2C6A4D002907AE /* ResultsTableHeaderView.swift in Sources */ = {isa = PBXBuildFile; fileRef = A4F82C011E2C6A4D002907AE /* ResultsTableHeaderView.swift */; };
		DC2CD305F0E0882FB9679900 /* Pods_CookWhat.framework in Frameworks */ = {isa = PBXBuildFile; fileRef = 466918D7364C467A09CB323A /* Pods_CookWhat.framework */; };
		E8A3963A9588ECB338B48CC7 /* Pods_CookWhatTests.framework in Frameworks */ = {isa = PBXBuildFile; fileRef = 970CA8272D5DD14BE83A837C /* Pods_CookWhatTests.framework */; };
/* End PBXBuildFile section */

/* Begin PBXContainerItemProxy section */
		A4B67D991E2A0CA0007310D5 /* PBXContainerItemProxy */ = {
			isa = PBXContainerItemProxy;
			containerPortal = A4B67D7C1E2A0C9F007310D5 /* Project object */;
			proxyType = 1;
			remoteGlobalIDString = A4B67D831E2A0C9F007310D5;
			remoteInfo = CookWhat;
		};
		A4B67DA41E2A0CA0007310D5 /* PBXContainerItemProxy */ = {
			isa = PBXContainerItemProxy;
			containerPortal = A4B67D7C1E2A0C9F007310D5 /* Project object */;
			proxyType = 1;
			remoteGlobalIDString = A4B67D831E2A0C9F007310D5;
			remoteInfo = CookWhat;
		};
/* End PBXContainerItemProxy section */

/* Begin PBXFileReference section */
		104E42EDC6C3F301B301B774 /* Pods-CookWhat.debug.xcconfig */ = {isa = PBXFileReference; includeInIndex = 1; lastKnownFileType = text.xcconfig; name = "Pods-CookWhat.debug.xcconfig"; path = "Pods/Target Support Files/Pods-CookWhat/Pods-CookWhat.debug.xcconfig"; sourceTree = "<group>"; };
		2EB6F590EF42527A40FC1B92 /* Pods-CookWhatUITests.debug.xcconfig */ = {isa = PBXFileReference; includeInIndex = 1; lastKnownFileType = text.xcconfig; name = "Pods-CookWhatUITests.debug.xcconfig"; path = "Pods/Target Support Files/Pods-CookWhatUITests/Pods-CookWhatUITests.debug.xcconfig"; sourceTree = "<group>"; };
		466918D7364C467A09CB323A /* Pods_CookWhat.framework */ = {isa = PBXFileReference; explicitFileType = wrapper.framework; includeInIndex = 0; path = Pods_CookWhat.framework; sourceTree = BUILT_PRODUCTS_DIR; };
		694B97315D14406F2F227F7C /* Pods-CookWhatTests.release.xcconfig */ = {isa = PBXFileReference; includeInIndex = 1; lastKnownFileType = text.xcconfig; name = "Pods-CookWhatTests.release.xcconfig"; path = "Pods/Target Support Files/Pods-CookWhatTests/Pods-CookWhatTests.release.xcconfig"; sourceTree = "<group>"; };
		70D7D4BB3CDCA8E4948C3B48 /* Pods-CookWhatUITests.release.xcconfig */ = {isa = PBXFileReference; includeInIndex = 1; lastKnownFileType = text.xcconfig; name = "Pods-CookWhatUITests.release.xcconfig"; path = "Pods/Target Support Files/Pods-CookWhatUITests/Pods-CookWhatUITests.release.xcconfig"; sourceTree = "<group>"; };
		86A2C69AB07C0353E6AA2A82 /* Pods-CookWhat.release.xcconfig */ = {isa = PBXFileReference; includeInIndex = 1; lastKnownFileType = text.xcconfig; name = "Pods-CookWhat.release.xcconfig"; path = "Pods/Target Support Files/Pods-CookWhat/Pods-CookWhat.release.xcconfig"; sourceTree = "<group>"; };
		970CA8272D5DD14BE83A837C /* Pods_CookWhatTests.framework */ = {isa = PBXFileReference; explicitFileType = wrapper.framework; includeInIndex = 0; path = Pods_CookWhatTests.framework; sourceTree = BUILT_PRODUCTS_DIR; };
		A412E6A21E2BB08200B1646F /* ResultsViewController.swift */ = {isa = PBXFileReference; fileEncoding = 4; lastKnownFileType = sourcecode.swift; path = ResultsViewController.swift; sourceTree = "<group>"; };
		A412E6A41E2BB5AD00B1646F /* ResultsViewController.storyboard */ = {isa = PBXFileReference; fileEncoding = 4; lastKnownFileType = file.storyboard; name = ResultsViewController.storyboard; path = StoryBoards/ResultsViewController.storyboard; sourceTree = "<group>"; };
		A412E6A81E2BB67900B1646F /* RecipeAPIClient.swift */ = {isa = PBXFileReference; fileEncoding = 4; lastKnownFileType = sourcecode.swift; path = RecipeAPIClient.swift; sourceTree = "<group>"; };
		A412E6AD1E2BC04E00B1646F /* ResultsTableViewCell.swift */ = {isa = PBXFileReference; fileEncoding = 4; lastKnownFileType = sourcecode.swift; name = ResultsTableViewCell.swift; path = Views/ResultsTableViewCell.swift; sourceTree = "<group>"; };
		A412E6AE1E2BC04E00B1646F /* ResultsTableViewCell.xib */ = {isa = PBXFileReference; fileEncoding = 4; lastKnownFileType = file.xib; name = ResultsTableViewCell.xib; path = Views/ResultsTableViewCell.xib; sourceTree = "<group>"; };
		A412E6B11E2BC2A800B1646F /* ResultsViewModel.swift */ = {isa = PBXFileReference; fileEncoding = 4; lastKnownFileType = sourcecode.swift; name = ResultsViewModel.swift; path = ViewModels/ResultsViewModel.swift; sourceTree = "<group>"; };
		A412E6B31E2BC3C600B1646F /* Recipe.swift */ = {isa = PBXFileReference; fileEncoding = 4; lastKnownFileType = sourcecode.swift; path = Recipe.swift; sourceTree = "<group>"; };
		A412E6B51E2BC4BC00B1646F /* RecipeHolder.swift */ = {isa = PBXFileReference; fileEncoding = 4; lastKnownFileType = sourcecode.swift; path = RecipeHolder.swift; sourceTree = "<group>"; };
		A46AE2FB1E2BD018001A2CB1 /* Style.swift */ = {isa = PBXFileReference; fileEncoding = 4; lastKnownFileType = sourcecode.swift; path = Style.swift; sourceTree = "<group>"; };
		A46AE2FD1E2BD326001A2CB1 /* WebViewController.swift */ = {isa = PBXFileReference; fileEncoding = 4; lastKnownFileType = sourcecode.swift; path = WebViewController.swift; sourceTree = "<group>"; };
		A46AE3001E2BE034001A2CB1 /* cooking1.jpg */ = {isa = PBXFileReference; lastKnownFileType = image.jpeg; name = cooking1.jpg; path = Resources/cooking1.jpg; sourceTree = "<group>"; };
		A46AE3011E2BE034001A2CB1 /* cooking2.jpg */ = {isa = PBXFileReference; lastKnownFileType = image.jpeg; name = cooking2.jpg; path = Resources/cooking2.jpg; sourceTree = "<group>"; };
		A46AE3021E2BE034001A2CB1 /* cooking3.jpg */ = {isa = PBXFileReference; lastKnownFileType = image.jpeg; name = cooking3.jpg; path = Resources/cooking3.jpg; sourceTree = "<group>"; };
		A46AE3031E2BE034001A2CB1 /* cooking4.jpg */ = {isa = PBXFileReference; lastKnownFileType = image.jpeg; name = cooking4.jpg; path = Resources/cooking4.jpg; sourceTree = "<group>"; };
		A46AE3041E2BE034001A2CB1 /* cooking5.jpg */ = {isa = PBXFileReference; lastKnownFileType = image.jpeg; name = cooking5.jpg; path = Resources/cooking5.jpg; sourceTree = "<group>"; };
		A46AE3051E2BE034001A2CB1 /* cooking6.jpg */ = {isa = PBXFileReference; lastKnownFileType = image.jpeg; name = cooking6.jpg; path = Resources/cooking6.jpg; sourceTree = "<group>"; };
		A46AE30C1E2BE28E001A2CB1 /* TopView.swift */ = {isa = PBXFileReference; fileEncoding = 4; lastKnownFileType = sourcecode.swift; name = TopView.swift; path = Views/TopView.swift; sourceTree = "<group>"; };
		A4B67D841E2A0C9F007310D5 /* CookWhat.app */ = {isa = PBXFileReference; explicitFileType = wrapper.application; includeInIndex = 0; path = CookWhat.app; sourceTree = BUILT_PRODUCTS_DIR; };
		A4B67D871E2A0C9F007310D5 /* AppDelegate.swift */ = {isa = PBXFileReference; lastKnownFileType = sourcecode.swift; path = AppDelegate.swift; sourceTree = "<group>"; };
		A4B67D8C1E2A0C9F007310D5 /* Base */ = {isa = PBXFileReference; lastKnownFileType = file.storyboard; name = Base; path = Base.lproj/Main.storyboard; sourceTree = "<group>"; };
		A4B67D8E1E2A0C9F007310D5 /* Assets.xcassets */ = {isa = PBXFileReference; lastKnownFileType = folder.assetcatalog; path = Assets.xcassets; sourceTree = "<group>"; };
		A4B67D911E2A0C9F007310D5 /* Base */ = {isa = PBXFileReference; lastKnownFileType = file.storyboard; name = Base; path = Base.lproj/LaunchScreen.storyboard; sourceTree = "<group>"; };
		A4B67D931E2A0C9F007310D5 /* Info.plist */ = {isa = PBXFileReference; lastKnownFileType = text.plist.xml; path = Info.plist; sourceTree = "<group>"; };
		A4B67D981E2A0CA0007310D5 /* CookWhatTests.xctest */ = {isa = PBXFileReference; explicitFileType = wrapper.cfbundle; includeInIndex = 0; path = CookWhatTests.xctest; sourceTree = BUILT_PRODUCTS_DIR; };
		A4B67D9C1E2A0CA0007310D5 /* CookWhatTests.swift */ = {isa = PBXFileReference; lastKnownFileType = sourcecode.swift; path = CookWhatTests.swift; sourceTree = "<group>"; };
		A4B67D9E1E2A0CA0007310D5 /* Info.plist */ = {isa = PBXFileReference; lastKnownFileType = text.plist.xml; path = Info.plist; sourceTree = "<group>"; };
		A4B67DA31E2A0CA0007310D5 /* CookWhatUITests.xctest */ = {isa = PBXFileReference; explicitFileType = wrapper.cfbundle; includeInIndex = 0; path = CookWhatUITests.xctest; sourceTree = BUILT_PRODUCTS_DIR; };
		A4B67DA71E2A0CA0007310D5 /* CookWhatUITests.swift */ = {isa = PBXFileReference; lastKnownFileType = sourcecode.swift; path = CookWhatUITests.swift; sourceTree = "<group>"; };
		A4B67DA91E2A0CA0007310D5 /* Info.plist */ = {isa = PBXFileReference; lastKnownFileType = text.plist.xml; path = Info.plist; sourceTree = "<group>"; };
		A4B67DB61E2ABE81007310D5 /* TopViewController.swift */ = {isa = PBXFileReference; fileEncoding = 4; lastKnownFileType = sourcecode.swift; path = TopViewController.swift; sourceTree = "<group>"; };
		A4B67DB91E2B361C007310D5 /* CameraViewController.storyboard */ = {isa = PBXFileReference; fileEncoding = 4; lastKnownFileType = file.storyboard; name = CameraViewController.storyboard; path = StoryBoards/CameraViewController.storyboard; sourceTree = "<group>"; };
		A4B67DBE1E2B367A007310D5 /* CameraViewController.swift */ = {isa = PBXFileReference; fileEncoding = 4; lastKnownFileType = sourcecode.swift; path = CameraViewController.swift; sourceTree = "<group>"; };
		A4B67DC11E2B69A0007310D5 /* CameraView.swift */ = {isa = PBXFileReference; fileEncoding = 4; lastKnownFileType = sourcecode.swift; name = CameraView.swift; path = Views/CameraView.swift; sourceTree = "<group>"; };
		A4D1F93E1E2E141200A2F742 /* FoodRecognitionApiClient.swift */ = {isa = PBXFileReference; fileEncoding = 4; lastKnownFileType = sourcecode.swift; path = FoodRecognitionApiClient.swift; sourceTree = "<group>"; };
		A4D1F9401E2FA61900A2F742 /* FoodStuffHolder.swift */ = {isa = PBXFileReference; fileEncoding = 4; lastKnownFileType = sourcecode.swift; path = FoodStuffHolder.swift; sourceTree = "<group>"; };
		A4F82BFF1E2C69C4002907AE /* ResultsTableHeaderView.xib */ = {isa = PBXFileReference; fileEncoding = 4; lastKnownFileType = file.xib; name = ResultsTableHeaderView.xib; path = Views/ResultsTableHeaderView.xib; sourceTree = "<group>"; };
		A4F82C011E2C6A4D002907AE /* ResultsTableHeaderView.swift */ = {isa = PBXFileReference; fileEncoding = 4; lastKnownFileType = sourcecode.swift; name = ResultsTableHeaderView.swift; path = Views/ResultsTableHeaderView.swift; sourceTree = "<group>"; };
		A7241C51CB698DCC415E4C0F /* Pods_CookWhatUITests.framework */ = {isa = PBXFileReference; explicitFileType = wrapper.framework; includeInIndex = 0; path = Pods_CookWhatUITests.framework; sourceTree = BUILT_PRODUCTS_DIR; };
		F5081FC5B6B057AFC6A42FEF /* Pods-CookWhatTests.debug.xcconfig */ = {isa = PBXFileReference; includeInIndex = 1; lastKnownFileType = text.xcconfig; name = "Pods-CookWhatTests.debug.xcconfig"; path = "Pods/Target Support Files/Pods-CookWhatTests/Pods-CookWhatTests.debug.xcconfig"; sourceTree = "<group>"; };
/* End PBXFileReference section */

/* Begin PBXFrameworksBuildPhase section */
		A4B67D811E2A0C9F007310D5 /* Frameworks */ = {
			isa = PBXFrameworksBuildPhase;
			buildActionMask = 2147483647;
			files = (
				DC2CD305F0E0882FB9679900 /* Pods_CookWhat.framework in Frameworks */,
			);
			runOnlyForDeploymentPostprocessing = 0;
		};
		A4B67D951E2A0CA0007310D5 /* Frameworks */ = {
			isa = PBXFrameworksBuildPhase;
			buildActionMask = 2147483647;
			files = (
				E8A3963A9588ECB338B48CC7 /* Pods_CookWhatTests.framework in Frameworks */,
			);
			runOnlyForDeploymentPostprocessing = 0;
		};
		A4B67DA01E2A0CA0007310D5 /* Frameworks */ = {
			isa = PBXFrameworksBuildPhase;
			buildActionMask = 2147483647;
			files = (
				1DC480F92C01C6EAA251FD52 /* Pods_CookWhatUITests.framework in Frameworks */,
			);
			runOnlyForDeploymentPostprocessing = 0;
		};
/* End PBXFrameworksBuildPhase section */

/* Begin PBXGroup section */
		56D1F81B0F42232BA8A88512 /* Pods */ = {
			isa = PBXGroup;
			children = (
				104E42EDC6C3F301B301B774 /* Pods-CookWhat.debug.xcconfig */,
				86A2C69AB07C0353E6AA2A82 /* Pods-CookWhat.release.xcconfig */,
				F5081FC5B6B057AFC6A42FEF /* Pods-CookWhatTests.debug.xcconfig */,
				694B97315D14406F2F227F7C /* Pods-CookWhatTests.release.xcconfig */,
				2EB6F590EF42527A40FC1B92 /* Pods-CookWhatUITests.debug.xcconfig */,
				70D7D4BB3CDCA8E4948C3B48 /* Pods-CookWhatUITests.release.xcconfig */,
			);
			name = Pods;
			sourceTree = "<group>";
		};
		A412E6AA1E2BBC2200B1646F /* ViewModels */ = {
			isa = PBXGroup;
			children = (
				A412E6B11E2BC2A800B1646F /* ResultsViewModel.swift */,
			);
			name = ViewModels;
			sourceTree = "<group>";
		};
		A46AE2FF1E2BDFD6001A2CB1 /* Resources */ = {
			isa = PBXGroup;
			children = (
				A46AE3001E2BE034001A2CB1 /* cooking1.jpg */,
				A46AE3011E2BE034001A2CB1 /* cooking2.jpg */,
				A46AE3021E2BE034001A2CB1 /* cooking3.jpg */,
				A46AE3031E2BE034001A2CB1 /* cooking4.jpg */,
				A46AE3041E2BE034001A2CB1 /* cooking5.jpg */,
				A46AE3051E2BE034001A2CB1 /* cooking6.jpg */,
			);
			name = Resources;
			sourceTree = "<group>";
		};
		A4B67D7B1E2A0C9F007310D5 = {
			isa = PBXGroup;
			children = (
				A4B67D861E2A0C9F007310D5 /* CookWhat */,
				A4B67D9B1E2A0CA0007310D5 /* CookWhatTests */,
				A4B67DA61E2A0CA0007310D5 /* CookWhatUITests */,
				A4B67D851E2A0C9F007310D5 /* Products */,
				56D1F81B0F42232BA8A88512 /* Pods */,
				D648865FF2EA3E8CBF3C3586 /* Frameworks */,
			);
			sourceTree = "<group>";
		};
		A4B67D851E2A0C9F007310D5 /* Products */ = {
			isa = PBXGroup;
			children = (
				A4B67D841E2A0C9F007310D5 /* CookWhat.app */,
				A4B67D981E2A0CA0007310D5 /* CookWhatTests.xctest */,
				A4B67DA31E2A0CA0007310D5 /* CookWhatUITests.xctest */,
			);
			name = Products;
			sourceTree = "<group>";
		};
		A4B67D861E2A0C9F007310D5 /* CookWhat */ = {
			isa = PBXGroup;
			children = (
				A4B67D871E2A0C9F007310D5 /* AppDelegate.swift */,
				A412E6AA1E2BBC2200B1646F /* ViewModels */,
				A4B67DC01E2B6282007310D5 /* Views */,
				A4B67DBB1E2B3641007310D5 /* StoryBoards */,
				A4B67DB81E2ABE94007310D5 /* Models */,
				A4B67DB51E2ABE81007310D5 /* ViewControllers */,
				A46AE2FF1E2BDFD6001A2CB1 /* Resources */,
				A4B67D8B1E2A0C9F007310D5 /* Main.storyboard */,
				A46AE2FB1E2BD018001A2CB1 /* Style.swift */,
				A4B67D8E1E2A0C9F007310D5 /* Assets.xcassets */,
				A4B67D901E2A0C9F007310D5 /* LaunchScreen.storyboard */,
				A4B67D931E2A0C9F007310D5 /* Info.plist */,
			);
			path = CookWhat;
			sourceTree = "<group>";
		};
		A4B67D9B1E2A0CA0007310D5 /* CookWhatTests */ = {
			isa = PBXGroup;
			children = (
				A4B67D9C1E2A0CA0007310D5 /* CookWhatTests.swift */,
				A4B67D9E1E2A0CA0007310D5 /* Info.plist */,
			);
			path = CookWhatTests;
			sourceTree = "<group>";
		};
		A4B67DA61E2A0CA0007310D5 /* CookWhatUITests */ = {
			isa = PBXGroup;
			children = (
				A4B67DA71E2A0CA0007310D5 /* CookWhatUITests.swift */,
				A4B67DA91E2A0CA0007310D5 /* Info.plist */,
			);
			path = CookWhatUITests;
			sourceTree = "<group>";
		};
		A4B67DB51E2ABE81007310D5 /* ViewControllers */ = {
			isa = PBXGroup;
			children = (
				A4B67DB61E2ABE81007310D5 /* TopViewController.swift */,
				A46AE2FD1E2BD326001A2CB1 /* WebViewController.swift */,
				A4B67DBE1E2B367A007310D5 /* CameraViewController.swift */,
				A412E6A21E2BB08200B1646F /* ResultsViewController.swift */,
			);
			path = ViewControllers;
			sourceTree = "<group>";
		};
		A4B67DB81E2ABE94007310D5 /* Models */ = {
			isa = PBXGroup;
			children = (
				A412E6A81E2BB67900B1646F /* RecipeAPIClient.swift */,
				A4D1F93E1E2E141200A2F742 /* FoodRecognitionApiClient.swift */,
				A412E6B31E2BC3C600B1646F /* Recipe.swift */,
				A4D1F9401E2FA61900A2F742 /* FoodStuffHolder.swift */,
				A412E6B51E2BC4BC00B1646F /* RecipeHolder.swift */,
			);
			path = Models;
			sourceTree = "<group>";
		};
		A4B67DBB1E2B3641007310D5 /* StoryBoards */ = {
			isa = PBXGroup;
			children = (
				A412E6A41E2BB5AD00B1646F /* ResultsViewController.storyboard */,
				A4B67DB91E2B361C007310D5 /* CameraViewController.storyboard */,
			);
			name = StoryBoards;
			sourceTree = "<group>";
		};
		A4B67DC01E2B6282007310D5 /* Views */ = {
			isa = PBXGroup;
			children = (
				A4B67DC11E2B69A0007310D5 /* CameraView.swift */,
				A46AE30C1E2BE28E001A2CB1 /* TopView.swift */,
				A412E6AD1E2BC04E00B1646F /* ResultsTableViewCell.swift */,
				A412E6AE1E2BC04E00B1646F /* ResultsTableViewCell.xib */,
				A4F82BFF1E2C69C4002907AE /* ResultsTableHeaderView.xib */,
				A4F82C011E2C6A4D002907AE /* ResultsTableHeaderView.swift */,
			);
			name = Views;
			sourceTree = "<group>";
		};
		D648865FF2EA3E8CBF3C3586 /* Frameworks */ = {
			isa = PBXGroup;
			children = (
				466918D7364C467A09CB323A /* Pods_CookWhat.framework */,
				970CA8272D5DD14BE83A837C /* Pods_CookWhatTests.framework */,
				A7241C51CB698DCC415E4C0F /* Pods_CookWhatUITests.framework */,
			);
			name = Frameworks;
			sourceTree = "<group>";
		};
/* End PBXGroup section */

/* Begin PBXNativeTarget section */
		A4B67D831E2A0C9F007310D5 /* CookWhat */ = {
			isa = PBXNativeTarget;
			buildConfigurationList = A4B67DAC1E2A0CA0007310D5 /* Build configuration list for PBXNativeTarget "CookWhat" */;
			buildPhases = (
				409E342530D36A744D2E1918 /* [CP] Check Pods Manifest.lock */,
				A4B67D801E2A0C9F007310D5 /* Sources */,
				A4B67D811E2A0C9F007310D5 /* Frameworks */,
				A4B67D821E2A0C9F007310D5 /* Resources */,
				0EB227E8974BDBF207A0A3AD /* [CP] Embed Pods Frameworks */,
				9CE42166E923620C986CADAE /* [CP] Copy Pods Resources */,
			);
			buildRules = (
			);
			dependencies = (
			);
			name = CookWhat;
			productName = CookWhat;
			productReference = A4B67D841E2A0C9F007310D5 /* CookWhat.app */;
			productType = "com.apple.product-type.application";
		};
		A4B67D971E2A0CA0007310D5 /* CookWhatTests */ = {
			isa = PBXNativeTarget;
			buildConfigurationList = A4B67DAF1E2A0CA0007310D5 /* Build configuration list for PBXNativeTarget "CookWhatTests" */;
			buildPhases = (
				21945BAD8483B92C594D3766 /* [CP] Check Pods Manifest.lock */,
				A4B67D941E2A0CA0007310D5 /* Sources */,
				A4B67D951E2A0CA0007310D5 /* Frameworks */,
				A4B67D961E2A0CA0007310D5 /* Resources */,
				1085A5895ABCD8B1C7DC3C4E /* [CP] Embed Pods Frameworks */,
				EF75E410CAEEB56E17BEC7CB /* [CP] Copy Pods Resources */,
			);
			buildRules = (
			);
			dependencies = (
				A4B67D9A1E2A0CA0007310D5 /* PBXTargetDependency */,
			);
			name = CookWhatTests;
			productName = CookWhatTests;
			productReference = A4B67D981E2A0CA0007310D5 /* CookWhatTests.xctest */;
			productType = "com.apple.product-type.bundle.unit-test";
		};
		A4B67DA21E2A0CA0007310D5 /* CookWhatUITests */ = {
			isa = PBXNativeTarget;
			buildConfigurationList = A4B67DB21E2A0CA0007310D5 /* Build configuration list for PBXNativeTarget "CookWhatUITests" */;
			buildPhases = (
				E8BC12069D9D62B29E770B97 /* [CP] Check Pods Manifest.lock */,
				A4B67D9F1E2A0CA0007310D5 /* Sources */,
				A4B67DA01E2A0CA0007310D5 /* Frameworks */,
				A4B67DA11E2A0CA0007310D5 /* Resources */,
				312D1D47976C68E6DABFA367 /* [CP] Embed Pods Frameworks */,
				B9952437AF8860B5600D0AD6 /* [CP] Copy Pods Resources */,
			);
			buildRules = (
			);
			dependencies = (
				A4B67DA51E2A0CA0007310D5 /* PBXTargetDependency */,
			);
			name = CookWhatUITests;
			productName = CookWhatUITests;
			productReference = A4B67DA31E2A0CA0007310D5 /* CookWhatUITests.xctest */;
			productType = "com.apple.product-type.bundle.ui-testing";
		};
/* End PBXNativeTarget section */

/* Begin PBXProject section */
		A4B67D7C1E2A0C9F007310D5 /* Project object */ = {
			isa = PBXProject;
			attributes = {
				LastSwiftUpdateCheck = 0820;
				LastUpgradeCheck = 0820;
				ORGANIZATIONNAME = "taose-deeplearning";
				TargetAttributes = {
					A4B67D831E2A0C9F007310D5 = {
						CreatedOnToolsVersion = 8.2.1;
						DevelopmentTeam = UZ5VRYJJEP;
						ProvisioningStyle = Automatic;
					};
					A4B67D971E2A0CA0007310D5 = {
						CreatedOnToolsVersion = 8.2.1;
						ProvisioningStyle = Automatic;
						TestTargetID = A4B67D831E2A0C9F007310D5;
					};
					A4B67DA21E2A0CA0007310D5 = {
						CreatedOnToolsVersion = 8.2.1;
						ProvisioningStyle = Automatic;
						TestTargetID = A4B67D831E2A0C9F007310D5;
					};
				};
			};
			buildConfigurationList = A4B67D7F1E2A0C9F007310D5 /* Build configuration list for PBXProject "CookWhat" */;
			compatibilityVersion = "Xcode 3.2";
			developmentRegion = English;
			hasScannedForEncodings = 0;
			knownRegions = (
				en,
				Base,
			);
			mainGroup = A4B67D7B1E2A0C9F007310D5;
			productRefGroup = A4B67D851E2A0C9F007310D5 /* Products */;
			projectDirPath = "";
			projectRoot = "";
			targets = (
				A4B67D831E2A0C9F007310D5 /* CookWhat */,
				A4B67D971E2A0CA0007310D5 /* CookWhatTests */,
				A4B67DA21E2A0CA0007310D5 /* CookWhatUITests */,
			);
		};
/* End PBXProject section */

/* Begin PBXResourcesBuildPhase section */
		A4B67D821E2A0C9F007310D5 /* Resources */ = {
			isa = PBXResourcesBuildPhase;
			buildActionMask = 2147483647;
			files = (
				A46AE30A1E2BE034001A2CB1 /* cooking5.jpg in Resources */,
				A4B67D921E2A0C9F007310D5 /* LaunchScreen.storyboard in Resources */,
				A4F82C001E2C69C4002907AE /* ResultsTableHeaderView.xib in Resources */,
				A46AE3091E2BE034001A2CB1 /* cooking4.jpg in Resources */,
				A4B67D8F1E2A0C9F007310D5 /* Assets.xcassets in Resources */,
				A412E6B01E2BC04E00B1646F /* ResultsTableViewCell.xib in Resources */,
				A46AE3061E2BE034001A2CB1 /* cooking1.jpg in Resources */,
				A412E6A51E2BB5AD00B1646F /* ResultsViewController.storyboard in Resources */,
				A46AE30B1E2BE034001A2CB1 /* cooking6.jpg in Resources */,
				A4B67DBA1E2B361C007310D5 /* CameraViewController.storyboard in Resources */,
				A4B67D8D1E2A0C9F007310D5 /* Main.storyboard in Resources */,
				A46AE3081E2BE034001A2CB1 /* cooking3.jpg in Resources */,
				A46AE3071E2BE034001A2CB1 /* cooking2.jpg in Resources */,
			);
			runOnlyForDeploymentPostprocessing = 0;
		};
		A4B67D961E2A0CA0007310D5 /* Resources */ = {
			isa = PBXResourcesBuildPhase;
			buildActionMask = 2147483647;
			files = (
			);
			runOnlyForDeploymentPostprocessing = 0;
		};
		A4B67DA11E2A0CA0007310D5 /* Resources */ = {
			isa = PBXResourcesBuildPhase;
			buildActionMask = 2147483647;
			files = (
			);
			runOnlyForDeploymentPostprocessing = 0;
		};
/* End PBXResourcesBuildPhase section */

/* Begin PBXShellScriptBuildPhase section */
		0EB227E8974BDBF207A0A3AD /* [CP] Embed Pods Frameworks */ = {
			isa = PBXShellScriptBuildPhase;
			buildActionMask = 2147483647;
			files = (
			);
			inputPaths = (
			);
			name = "[CP] Embed Pods Frameworks";
			outputPaths = (
			);
			runOnlyForDeploymentPostprocessing = 0;
			shellPath = /bin/sh;
			shellScript = "\"${SRCROOT}/Pods/Target Support Files/Pods-CookWhat/Pods-CookWhat-frameworks.sh\"\n";
			showEnvVarsInLog = 0;
		};
		1085A5895ABCD8B1C7DC3C4E /* [CP] Embed Pods Frameworks */ = {
			isa = PBXShellScriptBuildPhase;
			buildActionMask = 2147483647;
			files = (
			);
			inputPaths = (
			);
			name = "[CP] Embed Pods Frameworks";
			outputPaths = (
			);
			runOnlyForDeploymentPostprocessing = 0;
			shellPath = /bin/sh;
			shellScript = "\"${SRCROOT}/Pods/Target Support Files/Pods-CookWhatTests/Pods-CookWhatTests-frameworks.sh\"\n";
			showEnvVarsInLog = 0;
		};
		21945BAD8483B92C594D3766 /* [CP] Check Pods Manifest.lock */ = {
			isa = PBXShellScriptBuildPhase;
			buildActionMask = 2147483647;
			files = (
			);
			inputPaths = (
			);
			name = "[CP] Check Pods Manifest.lock";
			outputPaths = (
			);
			runOnlyForDeploymentPostprocessing = 0;
			shellPath = /bin/sh;
			shellScript = "diff \"${PODS_ROOT}/../Podfile.lock\" \"${PODS_ROOT}/Manifest.lock\" > /dev/null\nif [ $? != 0 ] ; then\n    # print error to STDERR\n    echo \"error: The sandbox is not in sync with the Podfile.lock. Run 'pod install' or update your CocoaPods installation.\" >&2\n    exit 1\nfi\n";
			showEnvVarsInLog = 0;
		};
		312D1D47976C68E6DABFA367 /* [CP] Embed Pods Frameworks */ = {
			isa = PBXShellScriptBuildPhase;
			buildActionMask = 2147483647;
			files = (
			);
			inputPaths = (
			);
			name = "[CP] Embed Pods Frameworks";
			outputPaths = (
			);
			runOnlyForDeploymentPostprocessing = 0;
			shellPath = /bin/sh;
			shellScript = "\"${SRCROOT}/Pods/Target Support Files/Pods-CookWhatUITests/Pods-CookWhatUITests-frameworks.sh\"\n";
			showEnvVarsInLog = 0;
		};
		409E342530D36A744D2E1918 /* [CP] Check Pods Manifest.lock */ = {
			isa = PBXShellScriptBuildPhase;
			buildActionMask = 2147483647;
			files = (
			);
			inputPaths = (
			);
			name = "[CP] Check Pods Manifest.lock";
			outputPaths = (
			);
			runOnlyForDeploymentPostprocessing = 0;
			shellPath = /bin/sh;
			shellScript = "diff \"${PODS_ROOT}/../Podfile.lock\" \"${PODS_ROOT}/Manifest.lock\" > /dev/null\nif [ $? != 0 ] ; then\n    # print error to STDERR\n    echo \"error: The sandbox is not in sync with the Podfile.lock. Run 'pod install' or update your CocoaPods installation.\" >&2\n    exit 1\nfi\n";
			showEnvVarsInLog = 0;
		};
		9CE42166E923620C986CADAE /* [CP] Copy Pods Resources */ = {
			isa = PBXShellScriptBuildPhase;
			buildActionMask = 2147483647;
			files = (
			);
			inputPaths = (
			);
			name = "[CP] Copy Pods Resources";
			outputPaths = (
			);
			runOnlyForDeploymentPostprocessing = 0;
			shellPath = /bin/sh;
			shellScript = "\"${SRCROOT}/Pods/Target Support Files/Pods-CookWhat/Pods-CookWhat-resources.sh\"\n";
			showEnvVarsInLog = 0;
		};
		B9952437AF8860B5600D0AD6 /* [CP] Copy Pods Resources */ = {
			isa = PBXShellScriptBuildPhase;
			buildActionMask = 2147483647;
			files = (
			);
			inputPaths = (
			);
			name = "[CP] Copy Pods Resources";
			outputPaths = (
			);
			runOnlyForDeploymentPostprocessing = 0;
			shellPath = /bin/sh;
			shellScript = "\"${SRCROOT}/Pods/Target Support Files/Pods-CookWhatUITests/Pods-CookWhatUITests-resources.sh\"\n";
			showEnvVarsInLog = 0;
		};
		E8BC12069D9D62B29E770B97 /* [CP] Check Pods Manifest.lock */ = {
			isa = PBXShellScriptBuildPhase;
			buildActionMask = 2147483647;
			files = (
			);
			inputPaths = (
			);
			name = "[CP] Check Pods Manifest.lock";
			outputPaths = (
			);
			runOnlyForDeploymentPostprocessing = 0;
			shellPath = /bin/sh;
			shellScript = "diff \"${PODS_ROOT}/../Podfile.lock\" \"${PODS_ROOT}/Manifest.lock\" > /dev/null\nif [ $? != 0 ] ; then\n    # print error to STDERR\n    echo \"error: The sandbox is not in sync with the Podfile.lock. Run 'pod install' or update your CocoaPods installation.\" >&2\n    exit 1\nfi\n";
			showEnvVarsInLog = 0;
		};
		EF75E410CAEEB56E17BEC7CB /* [CP] Copy Pods Resources */ = {
			isa = PBXShellScriptBuildPhase;
			buildActionMask = 2147483647;
			files = (
			);
			inputPaths = (
			);
			name = "[CP] Copy Pods Resources";
			outputPaths = (
			);
			runOnlyForDeploymentPostprocessing = 0;
			shellPath = /bin/sh;
			shellScript = "\"${SRCROOT}/Pods/Target Support Files/Pods-CookWhatTests/Pods-CookWhatTests-resources.sh\"\n";
			showEnvVarsInLog = 0;
		};
/* End PBXShellScriptBuildPhase section */

/* Begin PBXSourcesBuildPhase section */
		A4B67D801E2A0C9F007310D5 /* Sources */ = {
			isa = PBXSourcesBuildPhase;
			buildActionMask = 2147483647;
			files = (
				A46AE30D1E2BE28E001A2CB1 /* TopView.swift in Sources */,
				A4D1F93F1E2E141200A2F742 /* FoodRecognitionApiClient.swift in Sources */,
				A412E6A31E2BB08200B1646F /* ResultsViewController.swift in Sources */,
				A412E6A91E2BB67900B1646F /* RecipeAPIClient.swift in Sources */,
				A412E6B21E2BC2A800B1646F /* ResultsViewModel.swift in Sources */,
				A412E6AF1E2BC04E00B1646F /* ResultsTableViewCell.swift in Sources */,
				A4B67DB71E2ABE81007310D5 /* TopViewController.swift in Sources */,
				A412E6B61E2BC4BC00B1646F /* RecipeHolder.swift in Sources */,
				A4F82C021E2C6A4D002907AE /* ResultsTableHeaderView.swift in Sources */,
				A4B67D881E2A0C9F007310D5 /* AppDelegate.swift in Sources */,
				A46AE2FE1E2BD326001A2CB1 /* WebViewController.swift in Sources */,
				A412E6B41E2BC3C600B1646F /* Recipe.swift in Sources */,
				A4B67DBF1E2B367A007310D5 /* CameraViewController.swift in Sources */,
				A4B67DC21E2B69A0007310D5 /* CameraView.swift in Sources */,
				A4D1F9411E2FA61900A2F742 /* FoodStuffHolder.swift in Sources */,
				A46AE2FC1E2BD018001A2CB1 /* Style.swift in Sources */,
			);
			runOnlyForDeploymentPostprocessing = 0;
		};
		A4B67D941E2A0CA0007310D5 /* Sources */ = {
			isa = PBXSourcesBuildPhase;
			buildActionMask = 2147483647;
			files = (
				A4B67D9D1E2A0CA0007310D5 /* CookWhatTests.swift in Sources */,
			);
			runOnlyForDeploymentPostprocessing = 0;
		};
		A4B67D9F1E2A0CA0007310D5 /* Sources */ = {
			isa = PBXSourcesBuildPhase;
			buildActionMask = 2147483647;
			files = (
				A4B67DA81E2A0CA0007310D5 /* CookWhatUITests.swift in Sources */,
			);
			runOnlyForDeploymentPostprocessing = 0;
		};
/* End PBXSourcesBuildPhase section */

/* Begin PBXTargetDependency section */
		A4B67D9A1E2A0CA0007310D5 /* PBXTargetDependency */ = {
			isa = PBXTargetDependency;
			target = A4B67D831E2A0C9F007310D5 /* CookWhat */;
			targetProxy = A4B67D991E2A0CA0007310D5 /* PBXContainerItemProxy */;
		};
		A4B67DA51E2A0CA0007310D5 /* PBXTargetDependency */ = {
			isa = PBXTargetDependency;
			target = A4B67D831E2A0C9F007310D5 /* CookWhat */;
			targetProxy = A4B67DA41E2A0CA0007310D5 /* PBXContainerItemProxy */;
		};
/* End PBXTargetDependency section */

/* Begin PBXVariantGroup section */
		A4B67D8B1E2A0C9F007310D5 /* Main.storyboard */ = {
			isa = PBXVariantGroup;
			children = (
				A4B67D8C1E2A0C9F007310D5 /* Base */,
			);
			name = Main.storyboard;
			sourceTree = "<group>";
		};
		A4B67D901E2A0C9F007310D5 /* LaunchScreen.storyboard */ = {
			isa = PBXVariantGroup;
			children = (
				A4B67D911E2A0C9F007310D5 /* Base */,
			);
			name = LaunchScreen.storyboard;
			sourceTree = "<group>";
		};
/* End PBXVariantGroup section */

/* Begin XCBuildConfiguration section */
		A4B67DAA1E2A0CA0007310D5 /* Debug */ = {
			isa = XCBuildConfiguration;
			buildSettings = {
				ALWAYS_SEARCH_USER_PATHS = NO;
				CLANG_ANALYZER_NONNULL = YES;
				CLANG_CXX_LANGUAGE_STANDARD = "gnu++0x";
				CLANG_CXX_LIBRARY = "libc++";
				CLANG_ENABLE_MODULES = YES;
				CLANG_ENABLE_OBJC_ARC = YES;
				CLANG_WARN_BOOL_CONVERSION = YES;
				CLANG_WARN_CONSTANT_CONVERSION = YES;
				CLANG_WARN_DIRECT_OBJC_ISA_USAGE = YES_ERROR;
				CLANG_WARN_DOCUMENTATION_COMMENTS = YES;
				CLANG_WARN_EMPTY_BODY = YES;
				CLANG_WARN_ENUM_CONVERSION = YES;
				CLANG_WARN_INFINITE_RECURSION = YES;
				CLANG_WARN_INT_CONVERSION = YES;
				CLANG_WARN_OBJC_ROOT_CLASS = YES_ERROR;
				CLANG_WARN_SUSPICIOUS_MOVE = YES;
				CLANG_WARN_UNREACHABLE_CODE = YES;
				CLANG_WARN__DUPLICATE_METHOD_MATCH = YES;
				"CODE_SIGN_IDENTITY[sdk=iphoneos*]" = "iPhone Developer";
				COPY_PHASE_STRIP = NO;
				DEBUG_INFORMATION_FORMAT = dwarf;
				ENABLE_STRICT_OBJC_MSGSEND = YES;
				ENABLE_TESTABILITY = YES;
				GCC_C_LANGUAGE_STANDARD = gnu99;
				GCC_DYNAMIC_NO_PIC = NO;
				GCC_NO_COMMON_BLOCKS = YES;
				GCC_OPTIMIZATION_LEVEL = 0;
				GCC_PREPROCESSOR_DEFINITIONS = (
					"DEBUG=1",
					"$(inherited)",
				);
				GCC_WARN_64_TO_32_BIT_CONVERSION = YES;
				GCC_WARN_ABOUT_RETURN_TYPE = YES_ERROR;
				GCC_WARN_UNDECLARED_SELECTOR = YES;
				GCC_WARN_UNINITIALIZED_AUTOS = YES_AGGRESSIVE;
				GCC_WARN_UNUSED_FUNCTION = YES;
				GCC_WARN_UNUSED_VARIABLE = YES;
				IPHONEOS_DEPLOYMENT_TARGET = 10.2;
				MTL_ENABLE_DEBUG_INFO = YES;
				ONLY_ACTIVE_ARCH = YES;
				SDKROOT = iphoneos;
				SWIFT_ACTIVE_COMPILATION_CONDITIONS = DEBUG;
				SWIFT_OPTIMIZATION_LEVEL = "-Onone";
				TARGETED_DEVICE_FAMILY = "1,2";
			};
			name = Debug;
		};
		A4B67DAB1E2A0CA0007310D5 /* Release */ = {
			isa = XCBuildConfiguration;
			buildSettings = {
				ALWAYS_SEARCH_USER_PATHS = NO;
				CLANG_ANALYZER_NONNULL = YES;
				CLANG_CXX_LANGUAGE_STANDARD = "gnu++0x";
				CLANG_CXX_LIBRARY = "libc++";
				CLANG_ENABLE_MODULES = YES;
				CLANG_ENABLE_OBJC_ARC = YES;
				CLANG_WARN_BOOL_CONVERSION = YES;
				CLANG_WARN_CONSTANT_CONVERSION = YES;
				CLANG_WARN_DIRECT_OBJC_ISA_USAGE = YES_ERROR;
				CLANG_WARN_DOCUMENTATION_COMMENTS = YES;
				CLANG_WARN_EMPTY_BODY = YES;
				CLANG_WARN_ENUM_CONVERSION = YES;
				CLANG_WARN_INFINITE_RECURSION = YES;
				CLANG_WARN_INT_CONVERSION = YES;
				CLANG_WARN_OBJC_ROOT_CLASS = YES_ERROR;
				CLANG_WARN_SUSPICIOUS_MOVE = YES;
				CLANG_WARN_UNREACHABLE_CODE = YES;
				CLANG_WARN__DUPLICATE_METHOD_MATCH = YES;
				"CODE_SIGN_IDENTITY[sdk=iphoneos*]" = "iPhone Developer";
				COPY_PHASE_STRIP = NO;
				DEBUG_INFORMATION_FORMAT = "dwarf-with-dsym";
				ENABLE_NS_ASSERTIONS = NO;
				ENABLE_STRICT_OBJC_MSGSEND = YES;
				GCC_C_LANGUAGE_STANDARD = gnu99;
				GCC_NO_COMMON_BLOCKS = YES;
				GCC_WARN_64_TO_32_BIT_CONVERSION = YES;
				GCC_WARN_ABOUT_RETURN_TYPE = YES_ERROR;
				GCC_WARN_UNDECLARED_SELECTOR = YES;
				GCC_WARN_UNINITIALIZED_AUTOS = YES_AGGRESSIVE;
				GCC_WARN_UNUSED_FUNCTION = YES;
				GCC_WARN_UNUSED_VARIABLE = YES;
				IPHONEOS_DEPLOYMENT_TARGET = 10.2;
				MTL_ENABLE_DEBUG_INFO = NO;
				SDKROOT = iphoneos;
				SWIFT_OPTIMIZATION_LEVEL = "-Owholemodule";
				TARGETED_DEVICE_FAMILY = "1,2";
				VALIDATE_PRODUCT = YES;
			};
			name = Release;
		};
		A4B67DAD1E2A0CA0007310D5 /* Debug */ = {
			isa = XCBuildConfiguration;
			baseConfigurationReference = 104E42EDC6C3F301B301B774 /* Pods-CookWhat.debug.xcconfig */;
			buildSettings = {
				ALWAYS_EMBED_SWIFT_STANDARD_LIBRARIES = YES;
				ASSETCATALOG_COMPILER_APPICON_NAME = AppIcon;
				DEVELOPMENT_TEAM = UZ5VRYJJEP;
				INFOPLIST_FILE = CookWhat/Info.plist;
				LD_RUNPATH_SEARCH_PATHS = "$(inherited) @executable_path/Frameworks";
				PRODUCT_BUNDLE_IDENTIFIER = "taose-deeplearning.CookWhat";
				PRODUCT_NAME = "$(TARGET_NAME)";
				SWIFT_VERSION = 3.0;
			};
			name = Debug;
		};
		A4B67DAE1E2A0CA0007310D5 /* Release */ = {
			isa = XCBuildConfiguration;
			baseConfigurationReference = 86A2C69AB07C0353E6AA2A82 /* Pods-CookWhat.release.xcconfig */;
			buildSettings = {
				ALWAYS_EMBED_SWIFT_STANDARD_LIBRARIES = YES;
				ASSETCATALOG_COMPILER_APPICON_NAME = AppIcon;
				DEVELOPMENT_TEAM = UZ5VRYJJEP;
				INFOPLIST_FILE = CookWhat/Info.plist;
				LD_RUNPATH_SEARCH_PATHS = "$(inherited) @executable_path/Frameworks";
				PRODUCT_BUNDLE_IDENTIFIER = "taose-deeplearning.CookWhat";
				PRODUCT_NAME = "$(TARGET_NAME)";
				SWIFT_VERSION = 3.0;
			};
			name = Release;
		};
		A4B67DB01E2A0CA0007310D5 /* Debug */ = {
			isa = XCBuildConfiguration;
			baseConfigurationReference = F5081FC5B6B057AFC6A42FEF /* Pods-CookWhatTests.debug.xcconfig */;
			buildSettings = {
				ALWAYS_EMBED_SWIFT_STANDARD_LIBRARIES = YES;
				BUNDLE_LOADER = "$(TEST_HOST)";
				INFOPLIST_FILE = CookWhatTests/Info.plist;
				LD_RUNPATH_SEARCH_PATHS = "$(inherited) @executable_path/Frameworks @loader_path/Frameworks";
				PRODUCT_BUNDLE_IDENTIFIER = "taose-deeplearning.CookWhatTests";
				PRODUCT_NAME = "$(TARGET_NAME)";
				SWIFT_VERSION = 3.0;
				TEST_HOST = "$(BUILT_PRODUCTS_DIR)/CookWhat.app/CookWhat";
			};
			name = Debug;
		};
		A4B67DB11E2A0CA0007310D5 /* Release */ = {
			isa = XCBuildConfiguration;
			baseConfigurationReference = 694B97315D14406F2F227F7C /* Pods-CookWhatTests.release.xcconfig */;
			buildSettings = {
				ALWAYS_EMBED_SWIFT_STANDARD_LIBRARIES = YES;
				BUNDLE_LOADER = "$(TEST_HOST)";
				INFOPLIST_FILE = CookWhatTests/Info.plist;
				LD_RUNPATH_SEARCH_PATHS = "$(inherited) @executable_path/Frameworks @loader_path/Frameworks";
				PRODUCT_BUNDLE_IDENTIFIER = "taose-deeplearning.CookWhatTests";
				PRODUCT_NAME = "$(TARGET_NAME)";
				SWIFT_VERSION = 3.0;
				TEST_HOST = "$(BUILT_PRODUCTS_DIR)/CookWhat.app/CookWhat";
			};
			name = Release;
		};
		A4B67DB31E2A0CA0007310D5 /* Debug */ = {
			isa = XCBuildConfiguration;
			baseConfigurationReference = 2EB6F590EF42527A40FC1B92 /* Pods-CookWhatUITests.debug.xcconfig */;
			buildSettings = {
				ALWAYS_EMBED_SWIFT_STANDARD_LIBRARIES = YES;
				INFOPLIST_FILE = CookWhatUITests/Info.plist;
				LD_RUNPATH_SEARCH_PATHS = "$(inherited) @executable_path/Frameworks @loader_path/Frameworks";
				PRODUCT_BUNDLE_IDENTIFIER = "taose-deeplearning.CookWhatUITests";
				PRODUCT_NAME = "$(TARGET_NAME)";
				SWIFT_VERSION = 3.0;
				TEST_TARGET_NAME = CookWhat;
			};
			name = Debug;
		};
		A4B67DB41E2A0CA0007310D5 /* Release */ = {
			isa = XCBuildConfiguration;
			baseConfigurationReference = 70D7D4BB3CDCA8E4948C3B48 /* Pods-CookWhatUITests.release.xcconfig */;
			buildSettings = {
				ALWAYS_EMBED_SWIFT_STANDARD_LIBRARIES = YES;
				INFOPLIST_FILE = CookWhatUITests/Info.plist;
				LD_RUNPATH_SEARCH_PATHS = "$(inherited) @executable_path/Frameworks @loader_path/Frameworks";
				PRODUCT_BUNDLE_IDENTIFIER = "taose-deeplearning.CookWhatUITests";
				PRODUCT_NAME = "$(TARGET_NAME)";
				SWIFT_VERSION = 3.0;
				TEST_TARGET_NAME = CookWhat;
			};
			name = Release;
		};
/* End XCBuildConfiguration section */

/* Begin XCConfigurationList section */
		A4B67D7F1E2A0C9F007310D5 /* Build configuration list for PBXProject "CookWhat" */ = {
			isa = XCConfigurationList;
			buildConfigurations = (
				A4B67DAA1E2A0CA0007310D5 /* Debug */,
				A4B67DAB1E2A0CA0007310D5 /* Release */,
			);
			defaultConfigurationIsVisible = 0;
			defaultConfigurationName = Release;
		};
		A4B67DAC1E2A0CA0007310D5 /* Build configuration list for PBXNativeTarget "CookWhat" */ = {
			isa = XCConfigurationList;
			buildConfigurations = (
				A4B67DAD1E2A0CA0007310D5 /* Debug */,
				A4B67DAE1E2A0CA0007310D5 /* Release */,
			);
			defaultConfigurationIsVisible = 0;
			defaultConfigurationName = Release;
		};
		A4B67DAF1E2A0CA0007310D5 /* Build configuration list for PBXNativeTarget "CookWhatTests" */ = {
			isa = XCConfigurationList;
			buildConfigurations = (
				A4B67DB01E2A0CA0007310D5 /* Debug */,
				A4B67DB11E2A0CA0007310D5 /* Release */,
			);
			defaultConfigurationIsVisible = 0;
			defaultConfigurationName = Release;
		};
		A4B67DB21E2A0CA0007310D5 /* Build configuration list for PBXNativeTarget "CookWhatUITests" */ = {
			isa = XCConfigurationList;
			buildConfigurations = (
				A4B67DB31E2A0CA0007310D5 /* Debug */,
				A4B67DB41E2A0CA0007310D5 /* Release */,
			);
			defaultConfigurationIsVisible = 0;
			defaultConfigurationName = Release;
		};
/* End XCConfigurationList section */
	};
	rootObject = A4B67D7C1E2A0C9F007310D5 /* Project object */;
}
